// !$*UTF8*$!
{
	archiveVersion = 1;
	classes = {
	};
	objectVersion = 46;
	objects = {

/* Begin PBXBuildFile section */
		5179927419771B6300830A21 /* Foundation.framework in Frameworks */ = {isa = PBXBuildFile; fileRef = 5179927319771B6300830A21 /* Foundation.framework */; };
		5179927619771B6300830A21 /* CoreGraphics.framework in Frameworks */ = {isa = PBXBuildFile; fileRef = 5179927519771B6300830A21 /* CoreGraphics.framework */; };
		5179927819771B6300830A21 /* UIKit.framework in Frameworks */ = {isa = PBXBuildFile; fileRef = 5179927719771B6300830A21 /* UIKit.framework */; };
		5179927E19771B6300830A21 /* InfoPlist.strings in Resources */ = {isa = PBXBuildFile; fileRef = 5179927C19771B6300830A21 /* InfoPlist.strings */; };
		5179928019771B6300830A21 /* main.m in Sources */ = {isa = PBXBuildFile; fileRef = 5179927F19771B6300830A21 /* main.m */; };
		5179928419771B6300830A21 /* IRDAppDelegate.m in Sources */ = {isa = PBXBuildFile; fileRef = 5179928319771B6300830A21 /* IRDAppDelegate.m */; };
		5179928719771B6300830A21 /* Main_iPhone.storyboard in Resources */ = {isa = PBXBuildFile; fileRef = 5179928519771B6300830A21 /* Main_iPhone.storyboard */; };
		5179928A19771B6300830A21 /* Main_iPad.storyboard in Resources */ = {isa = PBXBuildFile; fileRef = 5179928819771B6300830A21 /* Main_iPad.storyboard */; };
		5179928F19771B6300830A21 /* Images.xcassets in Resources */ = {isa = PBXBuildFile; fileRef = 5179928E19771B6300830A21 /* Images.xcassets */; };
		5179929619771B6300830A21 /* XCTest.framework in Frameworks */ = {isa = PBXBuildFile; fileRef = 5179929519771B6300830A21 /* XCTest.framework */; };
		5179929719771B6300830A21 /* Foundation.framework in Frameworks */ = {isa = PBXBuildFile; fileRef = 5179927319771B6300830A21 /* Foundation.framework */; };
		5179929819771B6300830A21 /* UIKit.framework in Frameworks */ = {isa = PBXBuildFile; fileRef = 5179927719771B6300830A21 /* UIKit.framework */; };
		517992A019771B6300830A21 /* InfoPlist.strings in Resources */ = {isa = PBXBuildFile; fileRef = 5179929E19771B6300830A21 /* InfoPlist.strings */; };
		517992A219771B6400830A21 /* iRonDomeTests.m in Sources */ = {isa = PBXBuildFile; fileRef = 517992A119771B6400830A21 /* iRonDomeTests.m */; };
		517992B419784D3B00830A21 /* SCSQLiteManager.m in Sources */ = {isa = PBXBuildFile; fileRef = 517992B119784D3B00830A21 /* SCSQLiteManager.m */; };
		517992B519784D3B00830A21 /* SCLocalObject.m in Sources */ = {isa = PBXBuildFile; fileRef = 517992B319784D3B00830A21 /* SCLocalObject.m */; };
		517992C119784D5200830A21 /* FMDatabase.m in Sources */ = {isa = PBXBuildFile; fileRef = 517992B819784D5200830A21 /* FMDatabase.m */; };
		517992C219784D5200830A21 /* FMDatabaseAdditions.m in Sources */ = {isa = PBXBuildFile; fileRef = 517992BA19784D5200830A21 /* FMDatabaseAdditions.m */; };
		517992C319784D5200830A21 /* FMDatabasePool.m in Sources */ = {isa = PBXBuildFile; fileRef = 517992BC19784D5200830A21 /* FMDatabasePool.m */; };
		517992C419784D5200830A21 /* FMDatabaseQueue.m in Sources */ = {isa = PBXBuildFile; fileRef = 517992BE19784D5200830A21 /* FMDatabaseQueue.m */; };
		517992C519784D5200830A21 /* FMResultSet.m in Sources */ = {isa = PBXBuildFile; fileRef = 517992C019784D5200830A21 /* FMResultSet.m */; };
		517992C7197852B300830A21 /* libsqlite3.0.dylib in Frameworks */ = {isa = PBXBuildFile; fileRef = 517992C6197852B300830A21 /* libsqlite3.0.dylib */; };
		517992CA1978611600830A21 /* SCLocalRocket.m in Sources */ = {isa = PBXBuildFile; fileRef = 517992C91978611600830A21 /* SCLocalRocket.m */; };
		517C25C4197AAD5E00052133 /* major_alert.caf in Resources */ = {isa = PBXBuildFile; fileRef = 517C25C3197A916A00052133 /* major_alert.caf */; };
		517C25C5197AAD6000052133 /* major_alert_alarm.m4a in Resources */ = {isa = PBXBuildFile; fileRef = 517C25C1197A903500052133 /* major_alert_alarm.m4a */; };
		517C25C6197AAD6300052133 /* minor_alert_alarm.m4a in Resources */ = {isa = PBXBuildFile; fileRef = 517C25C2197A904000052133 /* minor_alert_alarm.m4a */; };
		FE52C8EC197788FD000ED87D /* Parse.framework in Frameworks */ = {isa = PBXBuildFile; fileRef = FE52C8EB197788FD000ED87D /* Parse.framework */; };
		FE52C8EE19778C4D000ED87D /* AudioToolbox.framework in Frameworks */ = {isa = PBXBuildFile; fileRef = FE52C8ED19778C4D000ED87D /* AudioToolbox.framework */; };
		FE52C8F719778CBD000ED87D /* CFNetwork.framework in Frameworks */ = {isa = PBXBuildFile; fileRef = FE52C8EF19778CBD000ED87D /* CFNetwork.framework */; };
		FE52C8F819778CBD000ED87D /* CoreLocation.framework in Frameworks */ = {isa = PBXBuildFile; fileRef = FE52C8F019778CBD000ED87D /* CoreLocation.framework */; };
		FE52C8F919778CBD000ED87D /* libz.dylib in Frameworks */ = {isa = PBXBuildFile; fileRef = FE52C8F119778CBD000ED87D /* libz.dylib */; };
		FE52C8FA19778CBD000ED87D /* MobileCoreServices.framework in Frameworks */ = {isa = PBXBuildFile; fileRef = FE52C8F219778CBD000ED87D /* MobileCoreServices.framework */; };
		FE52C8FB19778CBD000ED87D /* QuartzCore.framework in Frameworks */ = {isa = PBXBuildFile; fileRef = FE52C8F319778CBD000ED87D /* QuartzCore.framework */; };
		FE52C8FC19778CBD000ED87D /* Security.framework in Frameworks */ = {isa = PBXBuildFile; fileRef = FE52C8F419778CBD000ED87D /* Security.framework */; };
		FE52C8FD19778CBD000ED87D /* StoreKit.framework in Frameworks */ = {isa = PBXBuildFile; fileRef = FE52C8F519778CBD000ED87D /* StoreKit.framework */; };
		FE52C8FE19778CBD000ED87D /* SystemConfiguration.framework in Frameworks */ = {isa = PBXBuildFile; fileRef = FE52C8F619778CBD000ED87D /* SystemConfiguration.framework */; };
		FE52C9031977A1EC000ED87D /* MapKit.framework in Frameworks */ = {isa = PBXBuildFile; fileRef = FE52C9021977A1EC000ED87D /* MapKit.framework */; };
		FE52C9071977B572000ED87D /* IRDMapAnnotation.m in Sources */ = {isa = PBXBuildFile; fileRef = FE52C9061977B572000ED87D /* IRDMapAnnotation.m */; };
		FE52C90A1977B699000ED87D /* CustomAnnotationView.m in Sources */ = {isa = PBXBuildFile; fileRef = FE52C9091977B699000ED87D /* CustomAnnotationView.m */; };
		FE58AB0C19783EF00084808E /* IRDTableViewController.m in Sources */ = {isa = PBXBuildFile; fileRef = FE58AB0B19783EF00084808E /* IRDTableViewController.m */; };
		FE9A3E2F197847770070AB27 /* IRDSettingsTableViewController.m in Sources */ = {isa = PBXBuildFile; fileRef = FE9A3E2E197847770070AB27 /* IRDSettingsTableViewController.m */; };
		FE9D23FD197AB4AF00CE79E7 /* IRDMapZoomViewController.m in Sources */ = {isa = PBXBuildFile; fileRef = FE9D23FC197AB4AF00CE79E7 /* IRDMapZoomViewController.m */; };
/* End PBXBuildFile section */

/* Begin PBXContainerItemProxy section */
		5179929919771B6300830A21 /* PBXContainerItemProxy */ = {
			isa = PBXContainerItemProxy;
			containerPortal = 5179926819771B6300830A21 /* Project object */;
			proxyType = 1;
			remoteGlobalIDString = 5179926F19771B6300830A21;
			remoteInfo = iRonDome;
		};
/* End PBXContainerItemProxy section */

/* Begin PBXFileReference section */
		5179927019771B6300830A21 /* iRonDome.app */ = {isa = PBXFileReference; explicitFileType = wrapper.application; includeInIndex = 0; path = iRonDome.app; sourceTree = BUILT_PRODUCTS_DIR; };
		5179927319771B6300830A21 /* Foundation.framework */ = {isa = PBXFileReference; lastKnownFileType = wrapper.framework; name = Foundation.framework; path = System/Library/Frameworks/Foundation.framework; sourceTree = SDKROOT; };
		5179927519771B6300830A21 /* CoreGraphics.framework */ = {isa = PBXFileReference; lastKnownFileType = wrapper.framework; name = CoreGraphics.framework; path = System/Library/Frameworks/CoreGraphics.framework; sourceTree = SDKROOT; };
		5179927719771B6300830A21 /* UIKit.framework */ = {isa = PBXFileReference; lastKnownFileType = wrapper.framework; name = UIKit.framework; path = System/Library/Frameworks/UIKit.framework; sourceTree = SDKROOT; };
		5179927B19771B6300830A21 /* iRonDome-Info.plist */ = {isa = PBXFileReference; lastKnownFileType = text.plist.xml; path = "iRonDome-Info.plist"; sourceTree = "<group>"; };
		5179927D19771B6300830A21 /* en */ = {isa = PBXFileReference; lastKnownFileType = text.plist.strings; name = en; path = en.lproj/InfoPlist.strings; sourceTree = "<group>"; };
		5179927F19771B6300830A21 /* main.m */ = {isa = PBXFileReference; lastKnownFileType = sourcecode.c.objc; path = main.m; sourceTree = "<group>"; };
		5179928119771B6300830A21 /* iRonDome-Prefix.pch */ = {isa = PBXFileReference; lastKnownFileType = sourcecode.c.h; path = "iRonDome-Prefix.pch"; sourceTree = "<group>"; };
		5179928219771B6300830A21 /* IRDAppDelegate.h */ = {isa = PBXFileReference; lastKnownFileType = sourcecode.c.h; path = IRDAppDelegate.h; sourceTree = "<group>"; };
		5179928319771B6300830A21 /* IRDAppDelegate.m */ = {isa = PBXFileReference; lastKnownFileType = sourcecode.c.objc; path = IRDAppDelegate.m; sourceTree = "<group>"; };
		5179928619771B6300830A21 /* Base */ = {isa = PBXFileReference; lastKnownFileType = file.storyboard; name = Base; path = Base.lproj/Main_iPhone.storyboard; sourceTree = "<group>"; };
		5179928919771B6300830A21 /* Base */ = {isa = PBXFileReference; lastKnownFileType = file.storyboard; name = Base; path = Base.lproj/Main_iPad.storyboard; sourceTree = "<group>"; };
		5179928E19771B6300830A21 /* Images.xcassets */ = {isa = PBXFileReference; lastKnownFileType = folder.assetcatalog; path = Images.xcassets; sourceTree = "<group>"; };
		5179929419771B6300830A21 /* iRonDomeTests.xctest */ = {isa = PBXFileReference; explicitFileType = wrapper.cfbundle; includeInIndex = 0; path = iRonDomeTests.xctest; sourceTree = BUILT_PRODUCTS_DIR; };
		5179929519771B6300830A21 /* XCTest.framework */ = {isa = PBXFileReference; lastKnownFileType = wrapper.framework; name = XCTest.framework; path = Library/Frameworks/XCTest.framework; sourceTree = DEVELOPER_DIR; };
		5179929D19771B6300830A21 /* iRonDomeTests-Info.plist */ = {isa = PBXFileReference; lastKnownFileType = text.plist.xml; path = "iRonDomeTests-Info.plist"; sourceTree = "<group>"; };
		5179929F19771B6300830A21 /* en */ = {isa = PBXFileReference; lastKnownFileType = text.plist.strings; name = en; path = en.lproj/InfoPlist.strings; sourceTree = "<group>"; };
		517992A119771B6400830A21 /* iRonDomeTests.m */ = {isa = PBXFileReference; lastKnownFileType = sourcecode.c.objc; path = iRonDomeTests.m; sourceTree = "<group>"; };
		517992B019784D3B00830A21 /* SCSQLiteManager.h */ = {isa = PBXFileReference; fileEncoding = 4; lastKnownFileType = sourcecode.c.h; path = SCSQLiteManager.h; sourceTree = "<group>"; };
		517992B119784D3B00830A21 /* SCSQLiteManager.m */ = {isa = PBXFileReference; fileEncoding = 4; lastKnownFileType = sourcecode.c.objc; path = SCSQLiteManager.m; sourceTree = "<group>"; };
		517992B219784D3B00830A21 /* SCLocalObject.h */ = {isa = PBXFileReference; fileEncoding = 4; lastKnownFileType = sourcecode.c.h; path = SCLocalObject.h; sourceTree = "<group>"; };
		517992B319784D3B00830A21 /* SCLocalObject.m */ = {isa = PBXFileReference; fileEncoding = 4; lastKnownFileType = sourcecode.c.objc; path = SCLocalObject.m; sourceTree = "<group>"; };
		517992B719784D5200830A21 /* FMDatabase.h */ = {isa = PBXFileReference; fileEncoding = 4; lastKnownFileType = sourcecode.c.h; path = FMDatabase.h; sourceTree = "<group>"; };
		517992B819784D5200830A21 /* FMDatabase.m */ = {isa = PBXFileReference; fileEncoding = 4; lastKnownFileType = sourcecode.c.objc; path = FMDatabase.m; sourceTree = "<group>"; };
		517992B919784D5200830A21 /* FMDatabaseAdditions.h */ = {isa = PBXFileReference; fileEncoding = 4; lastKnownFileType = sourcecode.c.h; path = FMDatabaseAdditions.h; sourceTree = "<group>"; };
		517992BA19784D5200830A21 /* FMDatabaseAdditions.m */ = {isa = PBXFileReference; fileEncoding = 4; lastKnownFileType = sourcecode.c.objc; path = FMDatabaseAdditions.m; sourceTree = "<group>"; };
		517992BB19784D5200830A21 /* FMDatabasePool.h */ = {isa = PBXFileReference; fileEncoding = 4; lastKnownFileType = sourcecode.c.h; path = FMDatabasePool.h; sourceTree = "<group>"; };
		517992BC19784D5200830A21 /* FMDatabasePool.m */ = {isa = PBXFileReference; fileEncoding = 4; lastKnownFileType = sourcecode.c.objc; path = FMDatabasePool.m; sourceTree = "<group>"; };
		517992BD19784D5200830A21 /* FMDatabaseQueue.h */ = {isa = PBXFileReference; fileEncoding = 4; lastKnownFileType = sourcecode.c.h; path = FMDatabaseQueue.h; sourceTree = "<group>"; };
		517992BE19784D5200830A21 /* FMDatabaseQueue.m */ = {isa = PBXFileReference; fileEncoding = 4; lastKnownFileType = sourcecode.c.objc; path = FMDatabaseQueue.m; sourceTree = "<group>"; };
		517992BF19784D5200830A21 /* FMResultSet.h */ = {isa = PBXFileReference; fileEncoding = 4; lastKnownFileType = sourcecode.c.h; path = FMResultSet.h; sourceTree = "<group>"; };
		517992C019784D5200830A21 /* FMResultSet.m */ = {isa = PBXFileReference; fileEncoding = 4; lastKnownFileType = sourcecode.c.objc; path = FMResultSet.m; sourceTree = "<group>"; };
		517992C6197852B300830A21 /* libsqlite3.0.dylib */ = {isa = PBXFileReference; lastKnownFileType = "compiled.mach-o.dylib"; name = libsqlite3.0.dylib; path = usr/lib/libsqlite3.0.dylib; sourceTree = SDKROOT; };
		517992C81978611600830A21 /* SCLocalRocket.h */ = {isa = PBXFileReference; fileEncoding = 4; lastKnownFileType = sourcecode.c.h; path = SCLocalRocket.h; sourceTree = "<group>"; };
		517992C91978611600830A21 /* SCLocalRocket.m */ = {isa = PBXFileReference; fileEncoding = 4; lastKnownFileType = sourcecode.c.objc; path = SCLocalRocket.m; sourceTree = "<group>"; };
		517C25C1197A903500052133 /* major_alert_alarm.m4a */ = {isa = PBXFileReference; lastKnownFileType = file; path = major_alert_alarm.m4a; sourceTree = "<group>"; };
		517C25C2197A904000052133 /* minor_alert_alarm.m4a */ = {isa = PBXFileReference; lastKnownFileType = file; path = minor_alert_alarm.m4a; sourceTree = "<group>"; };
		517C25C3197A916A00052133 /* major_alert.caf */ = {isa = PBXFileReference; lastKnownFileType = file; path = major_alert.caf; sourceTree = "<group>"; };
		FE52C8EB197788FD000ED87D /* Parse.framework */ = {isa = PBXFileReference; lastKnownFileType = wrapper.framework; path = Parse.framework; sourceTree = "<group>"; };
		FE52C8ED19778C4D000ED87D /* AudioToolbox.framework */ = {isa = PBXFileReference; lastKnownFileType = wrapper.framework; name = AudioToolbox.framework; path = System/Library/Frameworks/AudioToolbox.framework; sourceTree = SDKROOT; };
		FE52C8EF19778CBD000ED87D /* CFNetwork.framework */ = {isa = PBXFileReference; lastKnownFileType = wrapper.framework; name = CFNetwork.framework; path = System/Library/Frameworks/CFNetwork.framework; sourceTree = SDKROOT; };
		FE52C8F019778CBD000ED87D /* CoreLocation.framework */ = {isa = PBXFileReference; lastKnownFileType = wrapper.framework; name = CoreLocation.framework; path = System/Library/Frameworks/CoreLocation.framework; sourceTree = SDKROOT; };
		FE52C8F119778CBD000ED87D /* libz.dylib */ = {isa = PBXFileReference; lastKnownFileType = "compiled.mach-o.dylib"; name = libz.dylib; path = usr/lib/libz.dylib; sourceTree = SDKROOT; };
		FE52C8F219778CBD000ED87D /* MobileCoreServices.framework */ = {isa = PBXFileReference; lastKnownFileType = wrapper.framework; name = MobileCoreServices.framework; path = System/Library/Frameworks/MobileCoreServices.framework; sourceTree = SDKROOT; };
		FE52C8F319778CBD000ED87D /* QuartzCore.framework */ = {isa = PBXFileReference; lastKnownFileType = wrapper.framework; name = QuartzCore.framework; path = System/Library/Frameworks/QuartzCore.framework; sourceTree = SDKROOT; };
		FE52C8F419778CBD000ED87D /* Security.framework */ = {isa = PBXFileReference; lastKnownFileType = wrapper.framework; name = Security.framework; path = System/Library/Frameworks/Security.framework; sourceTree = SDKROOT; };
		FE52C8F519778CBD000ED87D /* StoreKit.framework */ = {isa = PBXFileReference; lastKnownFileType = wrapper.framework; name = StoreKit.framework; path = System/Library/Frameworks/StoreKit.framework; sourceTree = SDKROOT; };
		FE52C8F619778CBD000ED87D /* SystemConfiguration.framework */ = {isa = PBXFileReference; lastKnownFileType = wrapper.framework; name = SystemConfiguration.framework; path = System/Library/Frameworks/SystemConfiguration.framework; sourceTree = SDKROOT; };
		FE52C9021977A1EC000ED87D /* MapKit.framework */ = {isa = PBXFileReference; lastKnownFileType = wrapper.framework; name = MapKit.framework; path = System/Library/Frameworks/MapKit.framework; sourceTree = SDKROOT; };
		FE52C9051977B572000ED87D /* IRDMapAnnotation.h */ = {isa = PBXFileReference; fileEncoding = 4; lastKnownFileType = sourcecode.c.h; path = IRDMapAnnotation.h; sourceTree = "<group>"; };
		FE52C9061977B572000ED87D /* IRDMapAnnotation.m */ = {isa = PBXFileReference; fileEncoding = 4; lastKnownFileType = sourcecode.c.objc; path = IRDMapAnnotation.m; sourceTree = "<group>"; };
		FE52C9081977B699000ED87D /* CustomAnnotationView.h */ = {isa = PBXFileReference; fileEncoding = 4; lastKnownFileType = sourcecode.c.h; path = CustomAnnotationView.h; sourceTree = "<group>"; };
		FE52C9091977B699000ED87D /* CustomAnnotationView.m */ = {isa = PBXFileReference; fileEncoding = 4; lastKnownFileType = sourcecode.c.objc; path = CustomAnnotationView.m; sourceTree = "<group>"; };
		FE58AB0A19783EF00084808E /* IRDTableViewController.h */ = {isa = PBXFileReference; fileEncoding = 4; lastKnownFileType = sourcecode.c.h; path = IRDTableViewController.h; sourceTree = "<group>"; };
		FE58AB0B19783EF00084808E /* IRDTableViewController.m */ = {isa = PBXFileReference; fileEncoding = 4; lastKnownFileType = sourcecode.c.objc; path = IRDTableViewController.m; sourceTree = "<group>"; };
		FE9A3E2D197847770070AB27 /* IRDSettingsTableViewController.h */ = {isa = PBXFileReference; fileEncoding = 4; lastKnownFileType = sourcecode.c.h; path = IRDSettingsTableViewController.h; sourceTree = "<group>"; };
		FE9A3E2E197847770070AB27 /* IRDSettingsTableViewController.m */ = {isa = PBXFileReference; fileEncoding = 4; lastKnownFileType = sourcecode.c.objc; path = IRDSettingsTableViewController.m; sourceTree = "<group>"; };
		FE9D23FB197AB4AF00CE79E7 /* IRDMapZoomViewController.h */ = {isa = PBXFileReference; fileEncoding = 4; lastKnownFileType = sourcecode.c.h; path = IRDMapZoomViewController.h; sourceTree = "<group>"; };
		FE9D23FC197AB4AF00CE79E7 /* IRDMapZoomViewController.m */ = {isa = PBXFileReference; fileEncoding = 4; lastKnownFileType = sourcecode.c.objc; path = IRDMapZoomViewController.m; sourceTree = "<group>"; };
/* End PBXFileReference section */

/* Begin PBXFrameworksBuildPhase section */
		5179926D19771B6300830A21 /* Frameworks */ = {
			isa = PBXFrameworksBuildPhase;
			buildActionMask = 2147483647;
			files = (
				517992C7197852B300830A21 /* libsqlite3.0.dylib in Frameworks */,
				FE52C8F819778CBD000ED87D /* CoreLocation.framework in Frameworks */,
				FE52C9031977A1EC000ED87D /* MapKit.framework in Frameworks */,
				FE52C8F719778CBD000ED87D /* CFNetwork.framework in Frameworks */,
				FE52C8F819778CBD000ED87D /* CoreLocation.framework in Frameworks */,
				FE52C8F919778CBD000ED87D /* libz.dylib in Frameworks */,
				FE52C8FA19778CBD000ED87D /* MobileCoreServices.framework in Frameworks */,
				FE52C8FB19778CBD000ED87D /* QuartzCore.framework in Frameworks */,
				FE52C8FC19778CBD000ED87D /* Security.framework in Frameworks */,
				FE52C8FD19778CBD000ED87D /* StoreKit.framework in Frameworks */,
				FE52C8FE19778CBD000ED87D /* SystemConfiguration.framework in Frameworks */,
				FE52C8EE19778C4D000ED87D /* AudioToolbox.framework in Frameworks */,
				5179927619771B6300830A21 /* CoreGraphics.framework in Frameworks */,
				5179927819771B6300830A21 /* UIKit.framework in Frameworks */,
				FE52C8EC197788FD000ED87D /* Parse.framework in Frameworks */,
				5179927419771B6300830A21 /* Foundation.framework in Frameworks */,
			);
			runOnlyForDeploymentPostprocessing = 0;
		};
		5179929119771B6300830A21 /* Frameworks */ = {
			isa = PBXFrameworksBuildPhase;
			buildActionMask = 2147483647;
			files = (
				5179929619771B6300830A21 /* XCTest.framework in Frameworks */,
				5179929819771B6300830A21 /* UIKit.framework in Frameworks */,
				5179929719771B6300830A21 /* Foundation.framework in Frameworks */,
			);
			runOnlyForDeploymentPostprocessing = 0;
		};
/* End PBXFrameworksBuildPhase section */

/* Begin PBXGroup section */
		5179926719771B6300830A21 = {
			isa = PBXGroup;
			children = (
				5179927919771B6300830A21 /* iRonDome */,
				5179929B19771B6300830A21 /* iRonDomeTests */,
				5179927219771B6300830A21 /* Frameworks */,
				5179927119771B6300830A21 /* Products */,
			);
			sourceTree = "<group>";
		};
		5179927119771B6300830A21 /* Products */ = {
			isa = PBXGroup;
			children = (
				5179927019771B6300830A21 /* iRonDome.app */,
				5179929419771B6300830A21 /* iRonDomeTests.xctest */,
			);
			name = Products;
			sourceTree = "<group>";
		};
		5179927219771B6300830A21 /* Frameworks */ = {
			isa = PBXGroup;
			children = (
				517992C6197852B300830A21 /* libsqlite3.0.dylib */,
				FE52C9021977A1EC000ED87D /* MapKit.framework */,
				FE52C8EF19778CBD000ED87D /* CFNetwork.framework */,
				FE52C8F019778CBD000ED87D /* CoreLocation.framework */,
				FE52C8F119778CBD000ED87D /* libz.dylib */,
				FE52C8F219778CBD000ED87D /* MobileCoreServices.framework */,
				FE52C8F319778CBD000ED87D /* QuartzCore.framework */,
				FE52C8F419778CBD000ED87D /* Security.framework */,
				FE52C8F519778CBD000ED87D /* StoreKit.framework */,
				FE52C8F619778CBD000ED87D /* SystemConfiguration.framework */,
				FE52C8ED19778C4D000ED87D /* AudioToolbox.framework */,
				FE52C8EB197788FD000ED87D /* Parse.framework */,
				5179927319771B6300830A21 /* Foundation.framework */,
				5179927519771B6300830A21 /* CoreGraphics.framework */,
				5179927719771B6300830A21 /* UIKit.framework */,
				5179929519771B6300830A21 /* XCTest.framework */,
			);
			name = Frameworks;
			sourceTree = "<group>";
		};
		5179927919771B6300830A21 /* iRonDome */ = {
			isa = PBXGroup;
			children = (
				517C25C3197A916A00052133 /* major_alert.caf */,
				517C25C1197A903500052133 /* major_alert_alarm.m4a */,
				517C25C2197A904000052133 /* minor_alert_alarm.m4a */,
				517C25C0197A902B00052133 /* alerts */,
				517992AF19784D2200830A21 /* storage */,
				5179928219771B6300830A21 /* IRDAppDelegate.h */,
				5179928319771B6300830A21 /* IRDAppDelegate.m */,
				FE58AB0A19783EF00084808E /* IRDTableViewController.h */,
				FE58AB0B19783EF00084808E /* IRDTableViewController.m */,
				FE9D23FB197AB4AF00CE79E7 /* IRDMapZoomViewController.h */,
				FE9D23FC197AB4AF00CE79E7 /* IRDMapZoomViewController.m */,
				FE9A3E2D197847770070AB27 /* IRDSettingsTableViewController.h */,
				FE9A3E2E197847770070AB27 /* IRDSettingsTableViewController.m */,
				FE52C90B1977BCFC000ED87D /* MapView */,
				5179928519771B6300830A21 /* Main_iPhone.storyboard */,
				5179928819771B6300830A21 /* Main_iPad.storyboard */,
				5179928E19771B6300830A21 /* Images.xcassets */,
				5179927A19771B6300830A21 /* Supporting Files */,
			);
			path = iRonDome;
			sourceTree = "<group>";
		};
		5179927A19771B6300830A21 /* Supporting Files */ = {
			isa = PBXGroup;
			children = (
				5179927B19771B6300830A21 /* iRonDome-Info.plist */,
				5179927C19771B6300830A21 /* InfoPlist.strings */,
				5179927F19771B6300830A21 /* main.m */,
				5179928119771B6300830A21 /* iRonDome-Prefix.pch */,
			);
			name = "Supporting Files";
			sourceTree = "<group>";
		};
		5179929B19771B6300830A21 /* iRonDomeTests */ = {
			isa = PBXGroup;
			children = (
				517992A119771B6400830A21 /* iRonDomeTests.m */,
				5179929C19771B6300830A21 /* Supporting Files */,
			);
			path = iRonDomeTests;
			sourceTree = "<group>";
		};
		5179929C19771B6300830A21 /* Supporting Files */ = {
			isa = PBXGroup;
			children = (
				5179929D19771B6300830A21 /* iRonDomeTests-Info.plist */,
				5179929E19771B6300830A21 /* InfoPlist.strings */,
			);
			name = "Supporting Files";
			sourceTree = "<group>";
		};
		517992AF19784D2200830A21 /* storage */ = {
			isa = PBXGroup;
			children = (
				517992B619784D4200830A21 /* sqlite */,
				517992B019784D3B00830A21 /* SCSQLiteManager.h */,
				517992B119784D3B00830A21 /* SCSQLiteManager.m */,
				517992B219784D3B00830A21 /* SCLocalObject.h */,
				517992B319784D3B00830A21 /* SCLocalObject.m */,
				517992C81978611600830A21 /* SCLocalRocket.h */,
				517992C91978611600830A21 /* SCLocalRocket.m */,
			);
			name = storage;
			sourceTree = "<group>";
		};
		517992B619784D4200830A21 /* sqlite */ = {
			isa = PBXGroup;
			children = (
				517992B719784D5200830A21 /* FMDatabase.h */,
				517992B819784D5200830A21 /* FMDatabase.m */,
				517992B919784D5200830A21 /* FMDatabaseAdditions.h */,
				517992BA19784D5200830A21 /* FMDatabaseAdditions.m */,
				517992BB19784D5200830A21 /* FMDatabasePool.h */,
				517992BC19784D5200830A21 /* FMDatabasePool.m */,
				517992BD19784D5200830A21 /* FMDatabaseQueue.h */,
				517992BE19784D5200830A21 /* FMDatabaseQueue.m */,
				517992BF19784D5200830A21 /* FMResultSet.h */,
				517992C019784D5200830A21 /* FMResultSet.m */,
			);
			name = sqlite;
			sourceTree = "<group>";
		};
		517C25C0197A902B00052133 /* alerts */ = {
			isa = PBXGroup;
			children = (
			);
			name = alerts;
			sourceTree = "<group>";
		};
		FE52C90B1977BCFC000ED87D /* MapView */ = {
			isa = PBXGroup;
			children = (
				FE52C9051977B572000ED87D /* IRDMapAnnotation.h */,
				FE52C9061977B572000ED87D /* IRDMapAnnotation.m */,
				FE52C9081977B699000ED87D /* CustomAnnotationView.h */,
				FE52C9091977B699000ED87D /* CustomAnnotationView.m */,
			);
			name = MapView;
			sourceTree = "<group>";
		};
/* End PBXGroup section */

/* Begin PBXNativeTarget section */
		5179926F19771B6300830A21 /* iRonDome */ = {
			isa = PBXNativeTarget;
			buildConfigurationList = 517992A519771B6400830A21 /* Build configuration list for PBXNativeTarget "iRonDome" */;
			buildPhases = (
				5179926C19771B6300830A21 /* Sources */,
				5179926D19771B6300830A21 /* Frameworks */,
				5179926E19771B6300830A21 /* Resources */,
			);
			buildRules = (
			);
			dependencies = (
			);
			name = iRonDome;
			productName = iRonDome;
			productReference = 5179927019771B6300830A21 /* iRonDome.app */;
			productType = "com.apple.product-type.application";
		};
		5179929319771B6300830A21 /* iRonDomeTests */ = {
			isa = PBXNativeTarget;
			buildConfigurationList = 517992A819771B6400830A21 /* Build configuration list for PBXNativeTarget "iRonDomeTests" */;
			buildPhases = (
				5179929019771B6300830A21 /* Sources */,
				5179929119771B6300830A21 /* Frameworks */,
				5179929219771B6300830A21 /* Resources */,
			);
			buildRules = (
			);
			dependencies = (
				5179929A19771B6300830A21 /* PBXTargetDependency */,
			);
			name = iRonDomeTests;
			productName = iRonDomeTests;
			productReference = 5179929419771B6300830A21 /* iRonDomeTests.xctest */;
			productType = "com.apple.product-type.bundle.unit-test";
		};
/* End PBXNativeTarget section */

/* Begin PBXProject section */
		5179926819771B6300830A21 /* Project object */ = {
			isa = PBXProject;
			attributes = {
				CLASSPREFIX = IRD;
				LastUpgradeCheck = 0510;
				ORGANIZATIONNAME = Arik;
				TargetAttributes = {
					5179926F19771B6300830A21 = {
						SystemCapabilities = {
							com.apple.BackgroundModes = {
								enabled = 1;
							};
						};
					};
					5179929319771B6300830A21 = {
						TestTargetID = 5179926F19771B6300830A21;
					};
				};
			};
			buildConfigurationList = 5179926B19771B6300830A21 /* Build configuration list for PBXProject "iRonDome" */;
			compatibilityVersion = "Xcode 3.2";
			developmentRegion = English;
			hasScannedForEncodings = 0;
			knownRegions = (
				en,
				Base,
			);
			mainGroup = 5179926719771B6300830A21;
			productRefGroup = 5179927119771B6300830A21 /* Products */;
			projectDirPath = "";
			projectRoot = "";
			targets = (
				5179926F19771B6300830A21 /* iRonDome */,
				5179929319771B6300830A21 /* iRonDomeTests */,
			);
		};
/* End PBXProject section */

/* Begin PBXResourcesBuildPhase section */
		5179926E19771B6300830A21 /* Resources */ = {
			isa = PBXResourcesBuildPhase;
			buildActionMask = 2147483647;
			files = (
				5179928A19771B6300830A21 /* Main_iPad.storyboard in Resources */,
				5179928F19771B6300830A21 /* Images.xcassets in Resources */,
				5179928719771B6300830A21 /* Main_iPhone.storyboard in Resources */,
				5179927E19771B6300830A21 /* InfoPlist.strings in Resources */,
				517C25C4197AAD5E00052133 /* major_alert.caf in Resources */,
				517C25C6197AAD6300052133 /* minor_alert_alarm.m4a in Resources */,
				517C25C5197AAD6000052133 /* major_alert_alarm.m4a in Resources */,
			);
			runOnlyForDeploymentPostprocessing = 0;
		};
		5179929219771B6300830A21 /* Resources */ = {
			isa = PBXResourcesBuildPhase;
			buildActionMask = 2147483647;
			files = (
				517992A019771B6300830A21 /* InfoPlist.strings in Resources */,
			);
			runOnlyForDeploymentPostprocessing = 0;
		};
/* End PBXResourcesBuildPhase section */

/* Begin PBXSourcesBuildPhase section */
		5179926C19771B6300830A21 /* Sources */ = {
			isa = PBXSourcesBuildPhase;
			buildActionMask = 2147483647;
			files = (
				517992B419784D3B00830A21 /* SCSQLiteManager.m in Sources */,
				517992B519784D3B00830A21 /* SCLocalObject.m in Sources */,
				517992C119784D5200830A21 /* FMDatabase.m in Sources */,
				FE52C9071977B572000ED87D /* IRDMapAnnotation.m in Sources */,
				517992C419784D5200830A21 /* FMDatabaseQueue.m in Sources */,
				517992C519784D5200830A21 /* FMResultSet.m in Sources */,
				517992C319784D5200830A21 /* FMDatabasePool.m in Sources */,
				FE52C90A1977B699000ED87D /* CustomAnnotationView.m in Sources */,
				FE58AB0C19783EF00084808E /* IRDTableViewController.m in Sources */,
				5179928419771B6300830A21 /* IRDAppDelegate.m in Sources */,
				FE9A3E2F197847770070AB27 /* IRDSettingsTableViewController.m in Sources */,
				5179928019771B6300830A21 /* main.m in Sources */,
				517992CA1978611600830A21 /* SCLocalRocket.m in Sources */,
				FE9D23FD197AB4AF00CE79E7 /* IRDMapZoomViewController.m in Sources */,
				517992C219784D5200830A21 /* FMDatabaseAdditions.m in Sources */,
			);
			runOnlyForDeploymentPostprocessing = 0;
		};
		5179929019771B6300830A21 /* Sources */ = {
			isa = PBXSourcesBuildPhase;
			buildActionMask = 2147483647;
			files = (
				517992A219771B6400830A21 /* iRonDomeTests.m in Sources */,
			);
			runOnlyForDeploymentPostprocessing = 0;
		};
/* End PBXSourcesBuildPhase section */

/* Begin PBXTargetDependency section */
		5179929A19771B6300830A21 /* PBXTargetDependency */ = {
			isa = PBXTargetDependency;
			target = 5179926F19771B6300830A21 /* iRonDome */;
			targetProxy = 5179929919771B6300830A21 /* PBXContainerItemProxy */;
		};
/* End PBXTargetDependency section */

/* Begin PBXVariantGroup section */
		5179927C19771B6300830A21 /* InfoPlist.strings */ = {
			isa = PBXVariantGroup;
			children = (
				5179927D19771B6300830A21 /* en */,
			);
			name = InfoPlist.strings;
			sourceTree = "<group>";
		};
		5179928519771B6300830A21 /* Main_iPhone.storyboard */ = {
			isa = PBXVariantGroup;
			children = (
				5179928619771B6300830A21 /* Base */,
			);
			name = Main_iPhone.storyboard;
			sourceTree = "<group>";
		};
		5179928819771B6300830A21 /* Main_iPad.storyboard */ = {
			isa = PBXVariantGroup;
			children = (
				5179928919771B6300830A21 /* Base */,
			);
			name = Main_iPad.storyboard;
			sourceTree = "<group>";
		};
		5179929E19771B6300830A21 /* InfoPlist.strings */ = {
			isa = PBXVariantGroup;
			children = (
				5179929F19771B6300830A21 /* en */,
			);
			name = InfoPlist.strings;
			sourceTree = "<group>";
		};
/* End PBXVariantGroup section */

/* Begin XCBuildConfiguration section */
		517992A319771B6400830A21 /* Debug */ = {
			isa = XCBuildConfiguration;
			buildSettings = {
				ALWAYS_SEARCH_USER_PATHS = NO;
				CLANG_CXX_LANGUAGE_STANDARD = "gnu++0x";
				CLANG_CXX_LIBRARY = "libc++";
				CLANG_ENABLE_MODULES = YES;
				CLANG_ENABLE_OBJC_ARC = YES;
				CLANG_WARN_BOOL_CONVERSION = YES;
				CLANG_WARN_CONSTANT_CONVERSION = YES;
				CLANG_WARN_DIRECT_OBJC_ISA_USAGE = YES_ERROR;
				CLANG_WARN_EMPTY_BODY = YES;
				CLANG_WARN_ENUM_CONVERSION = YES;
				CLANG_WARN_INT_CONVERSION = YES;
				CLANG_WARN_OBJC_ROOT_CLASS = YES_ERROR;
				CLANG_WARN__DUPLICATE_METHOD_MATCH = YES;
				"CODE_SIGN_IDENTITY[sdk=iphoneos*]" = "iPhone Developer";
				COPY_PHASE_STRIP = NO;
				GCC_C_LANGUAGE_STANDARD = gnu99;
				GCC_DYNAMIC_NO_PIC = NO;
				GCC_OPTIMIZATION_LEVEL = 0;
				GCC_PREPROCESSOR_DEFINITIONS = (
					"DEBUG=1",
					"$(inherited)",
				);
				GCC_SYMBOLS_PRIVATE_EXTERN = NO;
				GCC_WARN_64_TO_32_BIT_CONVERSION = YES;
				GCC_WARN_ABOUT_RETURN_TYPE = YES_ERROR;
				GCC_WARN_UNDECLARED_SELECTOR = YES;
				GCC_WARN_UNINITIALIZED_AUTOS = YES_AGGRESSIVE;
				GCC_WARN_UNUSED_FUNCTION = YES;
				GCC_WARN_UNUSED_VARIABLE = YES;
				IPHONEOS_DEPLOYMENT_TARGET = 6.0;
				ONLY_ACTIVE_ARCH = YES;
				SDKROOT = iphoneos;
				TARGETED_DEVICE_FAMILY = "1,2";
			};
			name = Debug;
		};
		517992A419771B6400830A21 /* Release */ = {
			isa = XCBuildConfiguration;
			buildSettings = {
				ALWAYS_SEARCH_USER_PATHS = NO;
				CLANG_CXX_LANGUAGE_STANDARD = "gnu++0x";
				CLANG_CXX_LIBRARY = "libc++";
				CLANG_ENABLE_MODULES = YES;
				CLANG_ENABLE_OBJC_ARC = YES;
				CLANG_WARN_BOOL_CONVERSION = YES;
				CLANG_WARN_CONSTANT_CONVERSION = YES;
				CLANG_WARN_DIRECT_OBJC_ISA_USAGE = YES_ERROR;
				CLANG_WARN_EMPTY_BODY = YES;
				CLANG_WARN_ENUM_CONVERSION = YES;
				CLANG_WARN_INT_CONVERSION = YES;
				CLANG_WARN_OBJC_ROOT_CLASS = YES_ERROR;
				CLANG_WARN__DUPLICATE_METHOD_MATCH = YES;
				"CODE_SIGN_IDENTITY[sdk=iphoneos*]" = "iPhone Developer";
				COPY_PHASE_STRIP = YES;
				ENABLE_NS_ASSERTIONS = NO;
				GCC_C_LANGUAGE_STANDARD = gnu99;
				GCC_WARN_64_TO_32_BIT_CONVERSION = YES;
				GCC_WARN_ABOUT_RETURN_TYPE = YES_ERROR;
				GCC_WARN_UNDECLARED_SELECTOR = YES;
				GCC_WARN_UNINITIALIZED_AUTOS = YES_AGGRESSIVE;
				GCC_WARN_UNUSED_FUNCTION = YES;
				GCC_WARN_UNUSED_VARIABLE = YES;
				IPHONEOS_DEPLOYMENT_TARGET = 6.0;
				SDKROOT = iphoneos;
				TARGETED_DEVICE_FAMILY = "1,2";
				VALIDATE_PRODUCT = YES;
			};
			name = Release;
		};
		517992A619771B6400830A21 /* Debug */ = {
			isa = XCBuildConfiguration;
			buildSettings = {
				ASSETCATALOG_COMPILER_APPICON_NAME = AppIcon;
				ASSETCATALOG_COMPILER_LAUNCHIMAGE_NAME = LaunchImage;
				CODE_SIGN_IDENTITY = "";
				FRAMEWORK_SEARCH_PATHS = (
					"$(inherited)",
					"$(PROJECT_DIR)",
				);
				GCC_PRECOMPILE_PREFIX_HEADER = YES;
				GCC_PREFIX_HEADER = "iRonDome/iRonDome-Prefix.pch";
				INFOPLIST_FILE = "iRonDome/iRonDome-Info.plist";
				IPHONEOS_DEPLOYMENT_TARGET = 7.0;
				PRODUCT_NAME = "$(TARGET_NAME)";
				PROVISIONING_PROFILE = "EF19132F-CC14-4D5B-AAE6-20C9E7696439";
				WRAPPER_EXTENSION = app;
			};
			name = Debug;
		};
		517992A719771B6400830A21 /* Release */ = {
			isa = XCBuildConfiguration;
			buildSettings = {
				ASSETCATALOG_COMPILER_APPICON_NAME = AppIcon;
				ASSETCATALOG_COMPILER_LAUNCHIMAGE_NAME = LaunchImage;
				CODE_SIGN_IDENTITY = "";
				FRAMEWORK_SEARCH_PATHS = (
					"$(inherited)",
					"$(PROJECT_DIR)",
				);
				GCC_PRECOMPILE_PREFIX_HEADER = YES;
				GCC_PREFIX_HEADER = "iRonDome/iRonDome-Prefix.pch";
				INFOPLIST_FILE = "iRonDome/iRonDome-Info.plist";
				IPHONEOS_DEPLOYMENT_TARGET = 7.0;
				PRODUCT_NAME = "$(TARGET_NAME)";
				PROVISIONING_PROFILE = "EF19132F-CC14-4D5B-AAE6-20C9E7696439";
				WRAPPER_EXTENSION = app;
			};
			name = Release;
		};
		517992A919771B6400830A21 /* Debug */ = {
			isa = XCBuildConfiguration;
			buildSettings = {
				BUNDLE_LOADER = "$(BUILT_PRODUCTS_DIR)/iRonDome.app/iRonDome";
				FRAMEWORK_SEARCH_PATHS = (
					"$(SDKROOT)/Developer/Library/Frameworks",
					"$(inherited)",
					"$(DEVELOPER_FRAMEWORKS_DIR)",
				);
				GCC_PRECOMPILE_PREFIX_HEADER = YES;
				GCC_PREFIX_HEADER = "iRonDome/iRonDome-Prefix.pch";
				GCC_PREPROCESSOR_DEFINITIONS = (
					"DEBUG=1",
					"$(inherited)",
				);
				INFOPLIST_FILE = "iRonDomeTests/iRonDomeTests-Info.plist";
				PRODUCT_NAME = "$(TARGET_NAME)";
				TEST_HOST = "$(BUNDLE_LOADER)";
				WRAPPER_EXTENSION = xctest;
			};
			name = Debug;
		};
		517992AA19771B6400830A21 /* Release */ = {
			isa = XCBuildConfiguration;
			buildSettings = {
				BUNDLE_LOADER = "$(BUILT_PRODUCTS_DIR)/iRonDome.app/iRonDome";
				FRAMEWORK_SEARCH_PATHS = (
					"$(SDKROOT)/Developer/Library/Frameworks",
					"$(inherited)",
					"$(DEVELOPER_FRAMEWORKS_DIR)",
				);
				GCC_PRECOMPILE_PREFIX_HEADER = YES;
				GCC_PREFIX_HEADER = "iRonDome/iRonDome-Prefix.pch";
				INFOPLIST_FILE = "iRonDomeTests/iRonDomeTests-Info.plist";
				PRODUCT_NAME = "$(TARGET_NAME)";
				TEST_HOST = "$(BUNDLE_LOADER)";
				WRAPPER_EXTENSION = xctest;
			};
			name = Release;
		};
/* End XCBuildConfiguration section */

/* Begin XCConfigurationList section */
		5179926B19771B6300830A21 /* Build configuration list for PBXProject "iRonDome" */ = {
			isa = XCConfigurationList;
			buildConfigurations = (
				517992A319771B6400830A21 /* Debug */,
				517992A419771B6400830A21 /* Release */,
			);
			defaultConfigurationIsVisible = 0;
			defaultConfigurationName = Release;
		};
		517992A519771B6400830A21 /* Build configuration list for PBXNativeTarget "iRonDome" */ = {
			isa = XCConfigurationList;
			buildConfigurations = (
				517992A619771B6400830A21 /* Debug */,
				517992A719771B6400830A21 /* Release */,
			);
			defaultConfigurationIsVisible = 0;
			defaultConfigurationName = Release;
		};
		517992A819771B6400830A21 /* Build configuration list for PBXNativeTarget "iRonDomeTests" */ = {
			isa = XCConfigurationList;
			buildConfigurations = (
				517992A919771B6400830A21 /* Debug */,
				517992AA19771B6400830A21 /* Release */,
			);
			defaultConfigurationIsVisible = 0;
			defaultConfigurationName = Release;
		};
/* End XCConfigurationList section */
	};
	rootObject = 5179926819771B6300830A21 /* Project object */;
}
